
Microsoft Visual Studio Solution File, Format Version 12.00
# Visual Studio Version 16
VisualStudioVersion = 16.0.29209.62
MinimumVisualStudioVersion = 10.0.40219.1
Project("{FAE04EC0-301F-11D3-BF4B-00C04F79EFBC}") = "ZLSOFT.HIS.ZyEdit", "ZLSOFT.HIS.ZyEdit\ZLSOFT.HIS.ZyEdit.csproj", "{C97E644E-4082-4331-91EC-8981006A0C0F}"
EndProject
Global
	GlobalSection(SolutionConfigurationPlatforms) = preSolution
		Debug|Any CPU = Debug|Any CPU
		Release|Any CPU = Release|Any CPU
	EndGlobalSection
	GlobalSection(ProjectConfigurationPlatforms) = postSolution
		{C97E644E-4082-4331-91EC-8981006A0C0F}.Debug|Any CPU.ActiveCfg = Debug|Any CPU
		{C97E644E-4082-4331-91EC-8981006A0C0F}.Debug|Any CPU.Build.0 = Debug|Any CPU
		{C97E644E-4082-4331-91EC-8981006A0C0F}.Release|Any CPU.ActiveCfg = Release|Any CPU
		{C97E644E-4082-4331-91EC-8981006A0C0F}.Release|Any CPU.Build.0 = Release|Any CPU
	EndGlobalSection
	GlobalSection(SolutionProperties) = preSolution
		HideSolutionNode = FALSE
	EndGlobalSection
	GlobalSection(ExtensibilityGlobals) = postSolution
		SolutionGuid = {4B27F7BA-A001-467C-A0D5-D58906E558EA}
	EndGlobalSection
	GlobalSection(SourceCodeControl) = preSolution
		SccNumberOfProjects = 2
		SccLocalPath0 = .
		SccProjectUniqueName1 = ZLSOFT.HIS.ZyEdit\\ZLSOFT.HIS.ZyEdit.csproj
		SccLocalPath1 = .
		SccProjectFilePathRelativizedFromConnection1 = ZLSOFT.HIS.ZyEdit\\
	EndGlobalSection
EndGlobal
